
Microsoft Visual Studio Solution File, Format Version 12.00
# Visual Studio Version 16
VisualStudioVersion = 16.0.30114.105
MinimumVisualStudioVersion = 10.0.40219.1
Project("{FAE04EC0-301F-11D3-BF4B-00C04F79EFBC}") = "ActCondición1", "ActCondición1\ActCondición1.csproj", "{C51029F2-6354-40C2-B650-A2996230B659}"
EndProject
Global
	GlobalSection(SolutionConfigurationPlatforms) = preSolution
		Debug|Any CPU = Debug|Any CPU
		Release|Any CPU = Release|Any CPU
	EndGlobalSection
	GlobalSection(ProjectConfigurationPlatforms) = postSolution
		{C51029F2-6354-40C2-B650-A2996230B659}.Debug|Any CPU.ActiveCfg = Debug|Any CPU
		{C51029F2-6354-40C2-B650-A2996230B659}.Debug|Any CPU.Build.0 = Debug|Any CPU
		{C51029F2-6354-40C2-B650-A2996230B659}.Release|Any CPU.ActiveCfg = Release|Any CPU
		{C51029F2-6354-40C2-B650-A2996230B659}.Release|Any CPU.Build.0 = Release|Any CPU
	EndGlobalSection
	GlobalSection(SolutionProperties) = preSolution
		HideSolutionNode = FALSE
	EndGlobalSection
	GlobalSection(ExtensibilityGlobals) = postSolution
		SolutionGuid = {C386FC34-9C58-49CB-B89D-1C8A227F34EB}
	EndGlobalSection
EndGlobal
