
Microsoft Visual Studio Solution File, Format Version 12.00
# Visual Studio Version 16
VisualStudioVersion = 16.0.30114.105
MinimumVisualStudioVersion = 10.0.40219.1
Project("{FAE04EC0-301F-11D3-BF4B-00C04F79EFBC}") = "Anidado3", "Anidado3\Anidado3.csproj", "{8CC847D4-B75C-46F0-AD7F-AA228E568441}"
EndProject
Global
	GlobalSection(SolutionConfigurationPlatforms) = preSolution
		Debug|Any CPU = Debug|Any CPU
		Release|Any CPU = Release|Any CPU
	EndGlobalSection
	GlobalSection(ProjectConfigurationPlatforms) = postSolution
		{8CC847D4-B75C-46F0-AD7F-AA228E568441}.Debug|Any CPU.ActiveCfg = Debug|Any CPU
		{8CC847D4-B75C-46F0-AD7F-AA228E568441}.Debug|Any CPU.Build.0 = Debug|Any CPU
		{8CC847D4-B75C-46F0-AD7F-AA228E568441}.Release|Any CPU.ActiveCfg = Release|Any CPU
		{8CC847D4-B75C-46F0-AD7F-AA228E568441}.Release|Any CPU.Build.0 = Release|Any CPU
	EndGlobalSection
	GlobalSection(SolutionProperties) = preSolution
		HideSolutionNode = FALSE
	EndGlobalSection
	GlobalSection(ExtensibilityGlobals) = postSolution
		SolutionGuid = {B6FB3EC6-3482-40CE-A5D6-FFF895678B66}
	EndGlobalSection
EndGlobal
