
Microsoft Visual Studio Solution File, Format Version 12.00
# Visual Studio Version 16
VisualStudioVersion = 16.0.30114.105
MinimumVisualStudioVersion = 10.0.40219.1
Project("{FAE04EC0-301F-11D3-BF4B-00C04F79EFBC}") = "Anidado1", "Anidado1\Anidado1.csproj", "{D118677E-6CB9-4F10-BCD9-D257DC85E2BA}"
EndProject
Global
	GlobalSection(SolutionConfigurationPlatforms) = preSolution
		Debug|Any CPU = Debug|Any CPU
		Release|Any CPU = Release|Any CPU
	EndGlobalSection
	GlobalSection(ProjectConfigurationPlatforms) = postSolution
		{D118677E-6CB9-4F10-BCD9-D257DC85E2BA}.Debug|Any CPU.ActiveCfg = Debug|Any CPU
		{D118677E-6CB9-4F10-BCD9-D257DC85E2BA}.Debug|Any CPU.Build.0 = Debug|Any CPU
		{D118677E-6CB9-4F10-BCD9-D257DC85E2BA}.Release|Any CPU.ActiveCfg = Release|Any CPU
		{D118677E-6CB9-4F10-BCD9-D257DC85E2BA}.Release|Any CPU.Build.0 = Release|Any CPU
	EndGlobalSection
	GlobalSection(SolutionProperties) = preSolution
		HideSolutionNode = FALSE
	EndGlobalSection
	GlobalSection(ExtensibilityGlobals) = postSolution
		SolutionGuid = {645BAA07-59DA-4E26-BF31-697F65487B5F}
	EndGlobalSection
EndGlobal
